
Microsoft Visual Studio Solution File, Format Version 12.00
# Visual Studio 15
VisualStudioVersion = 15.0.27130.2027
MinimumVisualStudioVersion = 10.0.40219.1
Project("{9A19103F-16F7-4668-BE54-9A1E7A4F7556}") = "ArraysAndStrings", "ArraysAndStrings\ArraysAndStrings.csproj", "{F6BF04D0-C335-4A34-952D-FFD5798B35F6}"
EndProject
Project("{9A19103F-16F7-4668-BE54-9A1E7A4F7556}") = "ArraysAndStrings.Test", "ArraysAndStrings.Test\ArraysAndStrings.Test.csproj", "{998BCA5C-58F5-48A3-B791-91FC86A1540D}"
EndProject
Project("{FAE04EC0-301F-11D3-BF4B-00C04F79EFBC}") = "DynamicProgramming", "DynamicProgramming\DynamicProgramming.csproj", "{BDD87135-6B1F-49FD-806B-60AA6B97B602}"
EndProject
Project("{FAE04EC0-301F-11D3-BF4B-00C04F79EFBC}") = "DynamicProgramming.Tests", "DynamicProgramming.Tests\DynamicProgramming.Tests.csproj", "{8EDF4429-251A-416D-BB68-93F227191BCF}"
EndProject
Project("{FAE04EC0-301F-11D3-BF4B-00C04F79EFBC}") = "Backtracking", "Backtracking\Backtracking.csproj", "{96CF4757-6046-4706-A7DD-78D9C6C985E1}"
EndProject
Project("{FAE04EC0-301F-11D3-BF4B-00C04F79EFBC}") = "Backtracking.Tests", "Backtracking.Tests\Backtracking.Tests.csproj", "{049765C8-DC09-43B6-ACEB-EEFE6A071D49}"
EndProject
Project("{FAE04EC0-301F-11D3-BF4B-00C04F79EFBC}") = "Math", "Math\Math.csproj", "{C96FEFF4-CFB3-441F-BC77-4E71BB4A133C}"
EndProject
Project("{FAE04EC0-301F-11D3-BF4B-00C04F79EFBC}") = "Math.Test", "Math.Test\Math.Test.csproj", "{C51AA5C4-177A-4525-99B3-D8170D359ED5}"
EndProject
Global
	GlobalSection(SolutionConfigurationPlatforms) = preSolution
		Debug|Any CPU = Debug|Any CPU
		Release|Any CPU = Release|Any CPU
	EndGlobalSection
	GlobalSection(ProjectConfigurationPlatforms) = postSolution
		{F6BF04D0-C335-4A34-952D-FFD5798B35F6}.Debug|Any CPU.ActiveCfg = Debug|Any CPU
		{F6BF04D0-C335-4A34-952D-FFD5798B35F6}.Debug|Any CPU.Build.0 = Debug|Any CPU
		{F6BF04D0-C335-4A34-952D-FFD5798B35F6}.Release|Any CPU.ActiveCfg = Release|Any CPU
		{F6BF04D0-C335-4A34-952D-FFD5798B35F6}.Release|Any CPU.Build.0 = Release|Any CPU
		{998BCA5C-58F5-48A3-B791-91FC86A1540D}.Debug|Any CPU.ActiveCfg = Debug|Any CPU
		{998BCA5C-58F5-48A3-B791-91FC86A1540D}.Debug|Any CPU.Build.0 = Debug|Any CPU
		{998BCA5C-58F5-48A3-B791-91FC86A1540D}.Release|Any CPU.ActiveCfg = Release|Any CPU
		{998BCA5C-58F5-48A3-B791-91FC86A1540D}.Release|Any CPU.Build.0 = Release|Any CPU
		{BDD87135-6B1F-49FD-806B-60AA6B97B602}.Debug|Any CPU.ActiveCfg = Debug|Any CPU
		{BDD87135-6B1F-49FD-806B-60AA6B97B602}.Debug|Any CPU.Build.0 = Debug|Any CPU
		{BDD87135-6B1F-49FD-806B-60AA6B97B602}.Release|Any CPU.ActiveCfg = Release|Any CPU
		{BDD87135-6B1F-49FD-806B-60AA6B97B602}.Release|Any CPU.Build.0 = Release|Any CPU
		{8EDF4429-251A-416D-BB68-93F227191BCF}.Debug|Any CPU.ActiveCfg = Debug|Any CPU
		{8EDF4429-251A-416D-BB68-93F227191BCF}.Debug|Any CPU.Build.0 = Debug|Any CPU
		{8EDF4429-251A-416D-BB68-93F227191BCF}.Release|Any CPU.ActiveCfg = Release|Any CPU
		{8EDF4429-251A-416D-BB68-93F227191BCF}.Release|Any CPU.Build.0 = Release|Any CPU
		{96CF4757-6046-4706-A7DD-78D9C6C985E1}.Debug|Any CPU.ActiveCfg = Debug|Any CPU
		{96CF4757-6046-4706-A7DD-78D9C6C985E1}.Debug|Any CPU.Build.0 = Debug|Any CPU
		{96CF4757-6046-4706-A7DD-78D9C6C985E1}.Release|Any CPU.ActiveCfg = Release|Any CPU
		{96CF4757-6046-4706-A7DD-78D9C6C985E1}.Release|Any CPU.Build.0 = Release|Any CPU
		{049765C8-DC09-43B6-ACEB-EEFE6A071D49}.Debug|Any CPU.ActiveCfg = Debug|Any CPU
		{049765C8-DC09-43B6-ACEB-EEFE6A071D49}.Debug|Any CPU.Build.0 = Debug|Any CPU
		{049765C8-DC09-43B6-ACEB-EEFE6A071D49}.Release|Any CPU.ActiveCfg = Release|Any CPU
		{049765C8-DC09-43B6-ACEB-EEFE6A071D49}.Release|Any CPU.Build.0 = Release|Any CPU
		{C96FEFF4-CFB3-441F-BC77-4E71BB4A133C}.Debug|Any CPU.ActiveCfg = Debug|Any CPU
		{C96FEFF4-CFB3-441F-BC77-4E71BB4A133C}.Debug|Any CPU.Build.0 = Debug|Any CPU
		{C96FEFF4-CFB3-441F-BC77-4E71BB4A133C}.Release|Any CPU.ActiveCfg = Release|Any CPU
		{C96FEFF4-CFB3-441F-BC77-4E71BB4A133C}.Release|Any CPU.Build.0 = Release|Any CPU
		{C51AA5C4-177A-4525-99B3-D8170D359ED5}.Debug|Any CPU.ActiveCfg = Debug|Any CPU
		{C51AA5C4-177A-4525-99B3-D8170D359ED5}.Debug|Any CPU.Build.0 = Debug|Any CPU
		{C51AA5C4-177A-4525-99B3-D8170D359ED5}.Release|Any CPU.ActiveCfg = Release|Any CPU
		{C51AA5C4-177A-4525-99B3-D8170D359ED5}.Release|Any CPU.Build.0 = Release|Any CPU
	EndGlobalSection
	GlobalSection(SolutionProperties) = preSolution
		HideSolutionNode = FALSE
	EndGlobalSection
	GlobalSection(ExtensibilityGlobals) = postSolution
		SolutionGuid = {5CDABDE9-D2D3-4DB4-AAA3-07F372185DB2}
	EndGlobalSection
EndGlobal
